
Microsoft Visual Studio Solution File, Format Version 12.00
# Visual Studio Version 17
VisualStudioVersion = 17.2.32630.192
MinimumVisualStudioVersion = 10.0.40219.1
Project("{54A90642-561A-4BB1-A94E-469ADEE60C69}") = "react-asp.net-prometheus", "react-asp.net-prometheus\react-asp.net-prometheus.esproj", "{9F2684B5-D6A1-4856-902A-72CCC6B235E0}"
EndProject
Project("{FAE04EC0-301F-11D3-BF4B-00C04F79EFBC}") = "backend", "backend\backend.csproj", "{E9548A38-F384-41B0-8867-0980ABAEB565}"
EndProject
Global
	GlobalSection(SolutionConfigurationPlatforms) = preSolution
		Debug|Any CPU = Debug|Any CPU
		Release|Any CPU = Release|Any CPU
	EndGlobalSection
	GlobalSection(ProjectConfigurationPlatforms) = postSolution
		{9F2684B5-D6A1-4856-902A-72CCC6B235E0}.Debug|Any CPU.ActiveCfg = Debug|Any CPU
		{9F2684B5-D6A1-4856-902A-72CCC6B235E0}.Debug|Any CPU.Build.0 = Debug|Any CPU
		{9F2684B5-D6A1-4856-902A-72CCC6B235E0}.Debug|Any CPU.Deploy.0 = Debug|Any CPU
		{9F2684B5-D6A1-4856-902A-72CCC6B235E0}.Release|Any CPU.ActiveCfg = Release|Any CPU
		{9F2684B5-D6A1-4856-902A-72CCC6B235E0}.Release|Any CPU.Build.0 = Release|Any CPU
		{9F2684B5-D6A1-4856-902A-72CCC6B235E0}.Release|Any CPU.Deploy.0 = Release|Any CPU
		{E9548A38-F384-41B0-8867-0980ABAEB565}.Debug|Any CPU.ActiveCfg = Debug|Any CPU
		{E9548A38-F384-41B0-8867-0980ABAEB565}.Debug|Any CPU.Build.0 = Debug|Any CPU
		{E9548A38-F384-41B0-8867-0980ABAEB565}.Release|Any CPU.ActiveCfg = Release|Any CPU
		{E9548A38-F384-41B0-8867-0980ABAEB565}.Release|Any CPU.Build.0 = Release|Any CPU
	EndGlobalSection
	GlobalSection(SolutionProperties) = preSolution
		HideSolutionNode = FALSE
	EndGlobalSection
	GlobalSection(ExtensibilityGlobals) = postSolution
		SolutionGuid = {5C88524A-76FE-4D7F-8425-9604CCB92088}
	EndGlobalSection
EndGlobal
